{
  "name": "ssp-work",
  "version": "0.1.0",
  "lockfileVersion": 3,
  "requires": true,
  "packages": {
    "": {
      "name": "ssp-work",
      "version": "0.1.0",
      "dependencies": {
        "i18n-iso-countries": "^7.14.0",
        "maxmind": "^5.0.7",
        "undici": "^8.11.2"
      }
    },
    "node_modules/diacritics": {
      "version": "1.3.0",
      "resolved": "https://registry.npmjs.org/diacritics/-/diacritics-1.3.0.tgz",
      "integrity": "sha512-wlwEkqcsaxvPJML+rDh/2iS824jbREk6DUMUKkEaSlxdYHeS43cClJtsWglvw2RfeXGm6ohKDqsXteJ5sP5enA==",
      "license": "MIT"
    },
    "node_modules/i18n-iso-countries": {
      "version": "7.14.0",
      "resolved": "https://registry.npmjs.org/i18n-iso-countries/-/i18n-iso-countries-7.14.0.tgz",
      "integrity": "sha512-nXHJZYtNrfsi1UQbyRqm3Gou431elgLjKl//CYlnBGt5aTWdRPH1PiS2T/p/n8Q8LnqYqzQJik3Q7mkwvLokeg==",
      "license": "MIT",
      "dependencies": {
        "diacritics": "1.3.0"
      },
      "engines": {
        "node": ">= 12"
      }
    },
    "node_modules/maxmind": {
      "version": "5.0.7",
      "resolved": "https://registry.npmjs.org/maxmind/-/maxmind-5.0.7.tgz",
      "integrity": "sha512-+w637dwfv01MKjkrp4sKDBTEKHLPvWLYb647QTjiz3wG/teSemqudIKNShaS6eqZ7ffxC9oZlQQgIqY0rGojog==",
      "license": "MIT",
      "dependencies": {
        "mmdb-lib": "3.0.3",
        "tiny-lru": "13.0.0"
      },
      "engines": {
        "node": ">=12",
        "npm": ">=6"
      }
    },
    "node_modules/mmdb-lib": {
      "version": "3.0.3",
      "resolved": "https://registry.npmjs.org/mmdb-lib/-/mmdb-lib-3.0.3.tgz",
      "integrity": "sha512-xQPoBXcNjjHiOvOraFBKtA++uNWF6aCVHL9dRKFXEov8eI3QJwtgiw3qApsonFT5SpoqsEVISUTg3HIDs2DiXw==",
      "license": "MIT",
      "engines": {
        "node": ">=10",
        "npm": ">=6"
      }
    },
    "node_modules/tiny-lru": {
      "version": "13.0.0",
      "resolved": "https://registry.npmjs.org/tiny-lru/-/tiny-lru-13.0.0.tgz",
      "integrity": "sha512-xDHxKKS1FdF0Tv2P+QT7IeSEg74K/8cEDzbv3Tv6UyHHUgBOjOiQiBp818MGj66dhurQus/IBcoAbwIKtSGc6Q==",
      "license": "BSD-3-Clause",
      "engines": {
        "node": ">=14"
      }
    },
    "node_modules/undici": {
      "version": "8.11.2",
      "resolved": "https://registry.npmjs.org/undici/-/undici-8.11.2.tgz",
      "integrity": "sha512-u4UB2/IrKdU6lFxumHmmo1a3fCQO5tzQllRorfoRS63txhrB7xTpSn1PftwC4qEHkOaqP95fCWW4lJzwErwzhQ==",
      "license": "MIT",
      "engines": {
        "node": ">=22.19.0"
      }
    }
  }
}
